{
  "name": "termchart",
  "version": "0.0.1",
  "lockfileVersion": 1,
  "requires": true,
  "dependencies": {
    "cosmetic": {
      "version": "1.1.2",
      "resolved": "https://registry.npmjs.org/cosmetic/-/cosmetic-1.1.2.tgz",
      "integrity": "sha512-djzLmlOa6bBy3u4IaMJxRpZUPOPUfVIhuVoMkMtdZ1Cl+NTrrgpdmNJ8nYrOj1CV1KKuEjAQmxk1VbIeOrussA=="
    }
  }
}
